{
  "name": "dft",
  "version": "1.0.0",
  "lockfileVersion": 1,
  "requires": true,
  "dependencies": {
    "gnu-plot": {
      "version": "0.1.8",
      "resolved": "https://registry.npmjs.org/gnu-plot/-/gnu-plot-0.1.8.tgz",
      "integrity": "sha512-dpFQ9UiqMl6ci1Y2jyDvTGWJVEzZw9EX/8zrtT6lSkXNpcNXUboS9VZMSyWCC6eAqbMsh/Qy93zD3d7DBNfiXQ==",
      "dev": true
    },
    "taylorwin": {
      "version": "1.0.1",
      "resolved": "https://registry.npmjs.org/taylorwin/-/taylorwin-1.0.1.tgz",
      "integrity": "sha1-4pynpouzJ8haSPDM+zfTps79x+U="
    }
  }
}
